// !$*UTF8*$!
{
	archiveVersion = 1;
	classes = {
	};
	objectVersion = 46;
	objects = {

/* Begin PBXBuildFile section */
		EF86AD871D5E06E900D76170 /* AppDelegate.swift in Sources */ = {isa = PBXBuildFile; fileRef = EF86AD861D5E06E900D76170 /* AppDelegate.swift */; };
		EF86AD891D5E06E900D76170 /* ViewController.swift in Sources */ = {isa = PBXBuildFile; fileRef = EF86AD881D5E06E900D76170 /* ViewController.swift */; };
		EF86AD8C1D5E06E900D76170 /* Main.storyboard in Resources */ = {isa = PBXBuildFile; fileRef = EF86AD8A1D5E06E900D76170 /* Main.storyboard */; };
		EF86AD8E1D5E06E900D76170 /* Assets.xcassets in Resources */ = {isa = PBXBuildFile; fileRef = EF86AD8D1D5E06E900D76170 /* Assets.xcassets */; };
		EF86AD911D5E06E900D76170 /* LaunchScreen.storyboard in Resources */ = {isa = PBXBuildFile; fileRef = EF86AD8F1D5E06E900D76170 /* LaunchScreen.storyboard */; };
/* End PBXBuildFile section */

/* Begin PBXFileReference section */
		EF86AD831D5E06E900D76170 /* rpg-oop.app */ = {isa = PBXFileReference; explicitFileType = wrapper.application; includeInIndex = 0; path = "rpg-oop.app"; sourceTree = BUILT_PRODUCTS_DIR; };
		EF86AD861D5E06E900D76170 /* AppDelegate.swift */ = {isa = PBXFileReference; lastKnownFileType = sourcecode.swift; path = AppDelegate.swift; sourceTree = "<group>"; };
		EF86AD881D5E06E900D76170 /* ViewController.swift */ = {isa = PBXFileReference; lastKnownFileType = sourcecode.swift; path = ViewController.swift; sourceTree = "<group>"; };
		EF86AD8B1D5E06E900D76170 /* Base */ = {isa = PBXFileReference; lastKnownFileType = file.storyboard; name = Base; path = Base.lproj/Main.storyboard; sourceTree = "<group>"; };
		EF86AD8D1D5E06E900D76170 /* Assets.xcassets */ = {isa = PBXFileReference; lastKnownFileType = folder.assetcatalog; path = Assets.xcassets; sourceTree = "<group>"; };
		EF86AD901D5E06E900D76170 /* Base */ = {isa = PBXFileReference; lastKnownFileType = file.storyboard; name = Base; path = Base.lproj/LaunchScreen.storyboard; sourceTree = "<group>"; };
		EF86AD921D5E06E900D76170 /* Info.plist */ = {isa = PBXFileReference; lastKnownFileType = text.plist.xml; path = Info.plist; sourceTree = "<group>"; };
/* End PBXFileReference section */

/* Begin PBXFrameworksBuildPhase section */
		EF86AD801D5E06E900D76170 /* Frameworks */ = {
			isa = PBXFrameworksBuildPhase;
			buildActionMask = 2147483647;
			files = (
			);
			runOnlyForDeploymentPostprocessing = 0;
		};
/* End PBXFrameworksBuildPhase section */

/* Begin PBXGroup section */
		EF86AD7A1D5E06E900D76170 = {
			isa = PBXGroup;
			children = (
				EF86AD851D5E06E900D76170 /* rpg-oop */,
				EF86AD841D5E06E900D76170 /* Products */,
			);
			sourceTree = "<group>";
		};
		EF86AD841D5E06E900D76170 /* Products */ = {
			isa = PBXGroup;
			children = (
				EF86AD831D5E06E900D76170 /* rpg-oop.app */,
			);
			name = Products;
			sourceTree = "<group>";
		};
		EF86AD851D5E06E900D76170 /* rpg-oop */ = {
			isa = PBXGroup;
			children = (
				EF86AD861D5E06E900D76170 /* AppDelegate.swift */,
				EF86AD881D5E06E900D76170 /* ViewController.swift */,
				EF86AD8A1D5E06E900D76170 /* Main.storyboard */,
				EF86AD8D1D5E06E900D76170 /* Assets.xcassets */,
				EF86AD8F1D5E06E900D76170 /* LaunchScreen.storyboard */,
				EF86AD921D5E06E900D76170 /* Info.plist */,
			);
			path = "rpg-oop";
			sourceTree = "<group>";
		};
/* End PBXGroup section */

/* Begin PBXNativeTarget section */
		EF86AD821D5E06E900D76170 /* rpg-oop */ = {
			isa = PBXNativeTarget;
			buildConfigurationList = EF86AD951D5E06E900D76170 /* Build configuration list for PBXNativeTarget "rpg-oop" */;
			buildPhases = (
				EF86AD7F1D5E06E900D76170 /* Sources */,
				EF86AD801D5E06E900D76170 /* Frameworks */,
				EF86AD811D5E06E900D76170 /* Resources */,
			);
			buildRules = (
			);
			dependencies = (
			);
			name = "rpg-oop";
			productName = "rpg-oop";
			productReference = EF86AD831D5E06E900D76170 /* rpg-oop.app */;
			productType = "com.apple.product-type.application";
		};
/* End PBXNativeTarget section */

/* Begin PBXProject section */
		EF86AD7B1D5E06E900D76170 /* Project object */ = {
			isa = PBXProject;
			attributes = {
				LastSwiftUpdateCheck = 0730;
				LastUpgradeCheck = 0730;
				ORGANIZATIONNAME = TonicDesign;
				TargetAttributes = {
					EF86AD821D5E06E900D76170 = {
						CreatedOnToolsVersion = 7.3;
						DevelopmentTeam = CFZ5ELBZA6;
					};
				};
			};
			buildConfigurationList = EF86AD7E1D5E06E900D76170 /* Build configuration list for PBXProject "rpg-oop" */;
			compatibilityVersion = "Xcode 3.2";
			developmentRegion = English;
			hasScannedForEncodings = 0;
			knownRegions = (
				en,
				Base,
			);
			mainGroup = EF86AD7A1D5E06E900D76170;
			productRefGroup = EF86AD841D5E06E900D76170 /* Products */;
			projectDirPath = "";
			projectRoot = "";
			targets = (
				EF86AD821D5E06E900D76170 /* rpg-oop */,
			);
		};
/* End PBXProject section */

/* Begin PBXResourcesBuildPhase section */
		EF86AD811D5E06E900D76170 /* Resources */ = {
			isa = PBXResourcesBuildPhase;
			buildActionMask = 2147483647;
			files = (
				EF86AD911D5E06E900D76170 /* LaunchScreen.storyboard in Resources */,
				EF86AD8E1D5E06E900D76170 /* Assets.xcassets in Resources */,
				EF86AD8C1D5E06E900D76170 /* Main.storyboard in Resources */,
			);
			runOnlyForDeploymentPostprocessing = 0;
		};
/* End PBXResourcesBuildPhase section */

/* Begin PBXSourcesBuildPhase section */
		EF86AD7F1D5E06E900D76170 /* Sources */ = {
			isa = PBXSourcesBuildPhase;
			buildActionMask = 2147483647;
			files = (
				EF86AD891D5E06E900D76170 /* ViewController.swift in Sources */,
				EF86AD871D5E06E900D76170 /* AppDelegate.swift in Sources */,
			);
			runOnlyForDeploymentPostprocessing = 0;
		};
/* End PBXSourcesBuildPhase section */

/* Begin PBXVariantGroup section */
		EF86AD8A1D5E06E900D76170 /* Main.storyboard */ = {
			isa = PBXVariantGroup;
			children = (
				EF86AD8B1D5E06E900D76170 /* Base */,
			);
			name = Main.storyboard;
			sourceTree = "<group>";
		};
		EF86AD8F1D5E06E900D76170 /* LaunchScreen.storyboard */ = {
			isa = PBXVariantGroup;
			children = (
				EF86AD901D5E06E900D76170 /* Base */,
			);
			name = LaunchScreen.storyboard;
			sourceTree = "<group>";
		};
/* End PBXVariantGroup section */

/* Begin XCBuildConfiguration section */
		EF86AD931D5E06E900D76170 /* Debug */ = {
			isa = XCBuildConfiguration;
			buildSettings = {
				ALWAYS_SEARCH_USER_PATHS = NO;
				CLANG_ANALYZER_NONNULL = YES;
				CLANG_CXX_LANGUAGE_STANDARD = "gnu++0x";
				CLANG_CXX_LIBRARY = "libc++";
				CLANG_ENABLE_MODULES = YES;
				CLANG_ENABLE_OBJC_ARC = YES;
				CLANG_WARN_BOOL_CONVERSION = YES;
				CLANG_WARN_CONSTANT_CONVERSION = YES;
				CLANG_WARN_DIRECT_OBJC_ISA_USAGE = YES_ERROR;
				CLANG_WARN_EMPTY_BODY = YES;
				CLANG_WARN_ENUM_CONVERSION = YES;
				CLANG_WARN_INT_CONVERSION = YES;
				CLANG_WARN_OBJC_ROOT_CLASS = YES_ERROR;
				CLANG_WARN_UNREACHABLE_CODE = YES;
				CLANG_WARN__DUPLICATE_METHOD_MATCH = YES;
				"CODE_SIGN_IDENTITY[sdk=iphoneos*]" = "iPhone Developer";
				COPY_PHASE_STRIP = NO;
				DEBUG_INFORMATION_FORMAT = dwarf;
				ENABLE_STRICT_OBJC_MSGSEND = YES;
				ENABLE_TESTABILITY = YES;
				GCC_C_LANGUAGE_STANDARD = gnu99;
				GCC_DYNAMIC_NO_PIC = NO;
				GCC_NO_COMMON_BLOCKS = YES;
				GCC_OPTIMIZATION_LEVEL = 0;
				GCC_PREPROCESSOR_DEFINITIONS = (
					"DEBUG=1",
					"$(inherited)",
				);
				GCC_WARN_64_TO_32_BIT_CONVERSION = YES;
				GCC_WARN_ABOUT_RETURN_TYPE = YES_ERROR;
				GCC_WARN_UNDECLARED_SELECTOR = YES;
				GCC_WARN_UNINITIALIZED_AUTOS = YES_AGGRESSIVE;
				GCC_WARN_UNUSED_FUNCTION = YES;
				GCC_WARN_UNUSED_VARIABLE = YES;
				IPHONEOS_DEPLOYMENT_TARGET = 9.3;
				MTL_ENABLE_DEBUG_INFO = YES;
				ONLY_ACTIVE_ARCH = YES;
				SDKROOT = iphoneos;
				SWIFT_OPTIMIZATION_LEVEL = "-Onone";
				TARGETED_DEVICE_FAMILY = "1,2";
			};
			name = Debug;
		};
		EF86AD941D5E06E900D76170 /* Release */ = {
			isa = XCBuildConfiguration;
			buildSettings = {
				ALWAYS_SEARCH_USER_PATHS = NO;
				CLANG_ANALYZER_NONNULL = YES;
				CLANG_CXX_LANGUAGE_STANDARD = "gnu++0x";
				CLANG_CXX_LIBRARY = "libc++";
				CLANG_ENABLE_MODULES = YES;
				CLANG_ENABLE_OBJC_ARC = YES;
				CLANG_WARN_BOOL_CONVERSION = YES;
				CLANG_WARN_CONSTANT_CONVERSION = YES;
				CLANG_WARN_DIRECT_OBJC_ISA_USAGE = YES_ERROR;
				CLANG_WARN_EMPTY_BODY = YES;
				CLANG_WARN_ENUM_CONVERSION = YES;
				CLANG_WARN_INT_CONVERSION = YES;
				CLANG_WARN_OBJC_ROOT_CLASS = YES_ERROR;
				CLANG_WARN_UNREACHABLE_CODE = YES;
				CLANG_WARN__DUPLICATE_METHOD_MATCH = YES;
				"CODE_SIGN_IDENTITY[sdk=iphoneos*]" = "iPhone Developer";
				COPY_PHASE_STRIP = NO;
				DEBUG_INFORMATION_FORMAT = "dwarf-with-dsym";
				ENABLE_NS_ASSERTIONS = NO;
				ENABLE_STRICT_OBJC_MSGSEND = YES;
				GCC_C_LANGUAGE_STANDARD = gnu99;
				GCC_NO_COMMON_BLOCKS = YES;
				GCC_WARN_64_TO_32_BIT_CONVERSION = YES;
				GCC_WARN_ABOUT_RETURN_TYPE = YES_ERROR;
				GCC_WARN_UNDECLARED_SELECTOR = YES;
				GCC_WARN_UNINITIALIZED_AUTOS = YES_AGGRESSIVE;
				GCC_WARN_UNUSED_FUNCTION = YES;
				GCC_WARN_UNUSED_VARIABLE = YES;
				IPHONEOS_DEPLOYMENT_TARGET = 9.3;
				MTL_ENABLE_DEBUG_INFO = NO;
				SDKROOT = iphoneos;
				TARGETED_DEVICE_FAMILY = "1,2";
				VALIDATE_PRODUCT = YES;
			};
			name = Release;
		};
		EF86AD961D5E06E900D76170 /* Debug */ = {
			isa = XCBuildConfiguration;
			buildSettings = {
				ASSETCATALOG_COMPILER_APPICON_NAME = AppIcon;
				INFOPLIST_FILE = "rpg-oop/Info.plist";
				LD_RUNPATH_SEARCH_PATHS = "$(inherited) @executable_path/Frameworks";
				PRODUCT_BUNDLE_IDENTIFIER = "com.tonicdesign.rpg-oop";
				PRODUCT_NAME = "$(TARGET_NAME)";
			};
			name = Debug;
		};
		EF86AD971D5E06E900D76170 /* Release */ = {
			isa = XCBuildConfiguration;
			buildSettings = {
				ASSETCATALOG_COMPILER_APPICON_NAME = AppIcon;
				INFOPLIST_FILE = "rpg-oop/Info.plist";
				LD_RUNPATH_SEARCH_PATHS = "$(inherited) @executable_path/Frameworks";
				PRODUCT_BUNDLE_IDENTIFIER = "com.tonicdesign.rpg-oop";
				PRODUCT_NAME = "$(TARGET_NAME)";
			};
			name = Release;
		};
/* End XCBuildConfiguration section */

/* Begin XCConfigurationList section */
		EF86AD7E1D5E06E900D76170 /* Build configuration list for PBXProject "rpg-oop" */ = {
			isa = XCConfigurationList;
			buildConfigurations = (
				EF86AD931D5E06E900D76170 /* Debug */,
				EF86AD941D5E06E900D76170 /* Release */,
			);
			defaultConfigurationIsVisible = 0;
			defaultConfigurationName = Release;
		};
		EF86AD951D5E06E900D76170 /* Build configuration list for PBXNativeTarget "rpg-oop" */ = {
			isa = XCConfigurationList;
			buildConfigurations = (
				EF86AD961D5E06E900D76170 /* Debug */,
				EF86AD971D5E06E900D76170 /* Release */,
			);
			defaultConfigurationIsVisible = 0;
		};
/* End XCConfigurationList section */
	};
	rootObject = EF86AD7B1D5E06E900D76170 /* Project object */;
}
