// !$*UTF8*$!
{
	archiveVersion = 1;
	classes = {
	};
	objectVersion = 46;
	objects = {

/* Begin PBXBuildFile section */
		EF6B73081D5E4409005B4882 /* AppDelegate.swift in Sources */ = {isa = PBXBuildFile; fileRef = EF6B73071D5E4409005B4882 /* AppDelegate.swift */; };
		EF6B730A1D5E4409005B4882 /* ViewController.swift in Sources */ = {isa = PBXBuildFile; fileRef = EF6B73091D5E4409005B4882 /* ViewController.swift */; };
		EF6B730D1D5E440A005B4882 /* Main.storyboard in Resources */ = {isa = PBXBuildFile; fileRef = EF6B730B1D5E440A005B4882 /* Main.storyboard */; };
		EF6B730F1D5E440A005B4882 /* Assets.xcassets in Resources */ = {isa = PBXBuildFile; fileRef = EF6B730E1D5E440A005B4882 /* Assets.xcassets */; };
		EF6B73121D5E440A005B4882 /* LaunchScreen.storyboard in Resources */ = {isa = PBXBuildFile; fileRef = EF6B73101D5E440A005B4882 /* LaunchScreen.storyboard */; };
/* End PBXBuildFile section */

/* Begin PBXFileReference section */
		EF6B73041D5E4409005B4882 /* Section4_Lecture51_OOP.app */ = {isa = PBXFileReference; explicitFileType = wrapper.application; includeInIndex = 0; path = Section4_Lecture51_OOP.app; sourceTree = BUILT_PRODUCTS_DIR; };
		EF6B73071D5E4409005B4882 /* AppDelegate.swift */ = {isa = PBXFileReference; lastKnownFileType = sourcecode.swift; path = AppDelegate.swift; sourceTree = "<group>"; };
		EF6B73091D5E4409005B4882 /* ViewController.swift */ = {isa = PBXFileReference; lastKnownFileType = sourcecode.swift; path = ViewController.swift; sourceTree = "<group>"; };
		EF6B730C1D5E440A005B4882 /* Base */ = {isa = PBXFileReference; lastKnownFileType = file.storyboard; name = Base; path = Base.lproj/Main.storyboard; sourceTree = "<group>"; };
		EF6B730E1D5E440A005B4882 /* Assets.xcassets */ = {isa = PBXFileReference; lastKnownFileType = folder.assetcatalog; path = Assets.xcassets; sourceTree = "<group>"; };
		EF6B73111D5E440A005B4882 /* Base */ = {isa = PBXFileReference; lastKnownFileType = file.storyboard; name = Base; path = Base.lproj/LaunchScreen.storyboard; sourceTree = "<group>"; };
		EF6B73131D5E440A005B4882 /* Info.plist */ = {isa = PBXFileReference; lastKnownFileType = text.plist.xml; path = Info.plist; sourceTree = "<group>"; };
/* End PBXFileReference section */

/* Begin PBXFrameworksBuildPhase section */
		EF6B73011D5E4409005B4882 /* Frameworks */ = {
			isa = PBXFrameworksBuildPhase;
			buildActionMask = 2147483647;
			files = (
			);
			runOnlyForDeploymentPostprocessing = 0;
		};
/* End PBXFrameworksBuildPhase section */

/* Begin PBXGroup section */
		EF6B72FB1D5E4409005B4882 = {
			isa = PBXGroup;
			children = (
				EF6B73061D5E4409005B4882 /* Section4_Lecture51_OOP */,
				EF6B73051D5E4409005B4882 /* Products */,
			);
			sourceTree = "<group>";
		};
		EF6B73051D5E4409005B4882 /* Products */ = {
			isa = PBXGroup;
			children = (
				EF6B73041D5E4409005B4882 /* Section4_Lecture51_OOP.app */,
			);
			name = Products;
			sourceTree = "<group>";
		};
		EF6B73061D5E4409005B4882 /* Section4_Lecture51_OOP */ = {
			isa = PBXGroup;
			children = (
				EF6B73071D5E4409005B4882 /* AppDelegate.swift */,
				EF6B73091D5E4409005B4882 /* ViewController.swift */,
				EF6B730B1D5E440A005B4882 /* Main.storyboard */,
				EF6B730E1D5E440A005B4882 /* Assets.xcassets */,
				EF6B73101D5E440A005B4882 /* LaunchScreen.storyboard */,
				EF6B73131D5E440A005B4882 /* Info.plist */,
			);
			path = Section4_Lecture51_OOP;
			sourceTree = "<group>";
		};
/* End PBXGroup section */

/* Begin PBXNativeTarget section */
		EF6B73031D5E4409005B4882 /* Section4_Lecture51_OOP */ = {
			isa = PBXNativeTarget;
			buildConfigurationList = EF6B73161D5E440A005B4882 /* Build configuration list for PBXNativeTarget "Section4_Lecture51_OOP" */;
			buildPhases = (
				EF6B73001D5E4409005B4882 /* Sources */,
				EF6B73011D5E4409005B4882 /* Frameworks */,
				EF6B73021D5E4409005B4882 /* Resources */,
			);
			buildRules = (
			);
			dependencies = (
			);
			name = Section4_Lecture51_OOP;
			productName = Section4_Lecture51_OOP;
			productReference = EF6B73041D5E4409005B4882 /* Section4_Lecture51_OOP.app */;
			productType = "com.apple.product-type.application";
		};
/* End PBXNativeTarget section */

/* Begin PBXProject section */
		EF6B72FC1D5E4409005B4882 /* Project object */ = {
			isa = PBXProject;
			attributes = {
				LastSwiftUpdateCheck = 0730;
				LastUpgradeCheck = 0730;
				ORGANIZATIONNAME = TonicDesign;
				TargetAttributes = {
					EF6B73031D5E4409005B4882 = {
						CreatedOnToolsVersion = 7.3;
						DevelopmentTeam = CFZ5ELBZA6;
					};
				};
			};
			buildConfigurationList = EF6B72FF1D5E4409005B4882 /* Build configuration list for PBXProject "Section4_Lecture51_OOP" */;
			compatibilityVersion = "Xcode 3.2";
			developmentRegion = English;
			hasScannedForEncodings = 0;
			knownRegions = (
				en,
				Base,
			);
			mainGroup = EF6B72FB1D5E4409005B4882;
			productRefGroup = EF6B73051D5E4409005B4882 /* Products */;
			projectDirPath = "";
			projectRoot = "";
			targets = (
				EF6B73031D5E4409005B4882 /* Section4_Lecture51_OOP */,
			);
		};
/* End PBXProject section */

/* Begin PBXResourcesBuildPhase section */
		EF6B73021D5E4409005B4882 /* Resources */ = {
			isa = PBXResourcesBuildPhase;
			buildActionMask = 2147483647;
			files = (
				EF6B73121D5E440A005B4882 /* LaunchScreen.storyboard in Resources */,
				EF6B730F1D5E440A005B4882 /* Assets.xcassets in Resources */,
				EF6B730D1D5E440A005B4882 /* Main.storyboard in Resources */,
			);
			runOnlyForDeploymentPostprocessing = 0;
		};
/* End PBXResourcesBuildPhase section */

/* Begin PBXSourcesBuildPhase section */
		EF6B73001D5E4409005B4882 /* Sources */ = {
			isa = PBXSourcesBuildPhase;
			buildActionMask = 2147483647;
			files = (
				EF6B730A1D5E4409005B4882 /* ViewController.swift in Sources */,
				EF6B73081D5E4409005B4882 /* AppDelegate.swift in Sources */,
			);
			runOnlyForDeploymentPostprocessing = 0;
		};
/* End PBXSourcesBuildPhase section */

/* Begin PBXVariantGroup section */
		EF6B730B1D5E440A005B4882 /* Main.storyboard */ = {
			isa = PBXVariantGroup;
			children = (
				EF6B730C1D5E440A005B4882 /* Base */,
			);
			name = Main.storyboard;
			sourceTree = "<group>";
		};
		EF6B73101D5E440A005B4882 /* LaunchScreen.storyboard */ = {
			isa = PBXVariantGroup;
			children = (
				EF6B73111D5E440A005B4882 /* Base */,
			);
			name = LaunchScreen.storyboard;
			sourceTree = "<group>";
		};
/* End PBXVariantGroup section */

/* Begin XCBuildConfiguration section */
		EF6B73141D5E440A005B4882 /* Debug */ = {
			isa = XCBuildConfiguration;
			buildSettings = {
				ALWAYS_SEARCH_USER_PATHS = NO;
				CLANG_ANALYZER_NONNULL = YES;
				CLANG_CXX_LANGUAGE_STANDARD = "gnu++0x";
				CLANG_CXX_LIBRARY = "libc++";
				CLANG_ENABLE_MODULES = YES;
				CLANG_ENABLE_OBJC_ARC = YES;
				CLANG_WARN_BOOL_CONVERSION = YES;
				CLANG_WARN_CONSTANT_CONVERSION = YES;
				CLANG_WARN_DIRECT_OBJC_ISA_USAGE = YES_ERROR;
				CLANG_WARN_EMPTY_BODY = YES;
				CLANG_WARN_ENUM_CONVERSION = YES;
				CLANG_WARN_INT_CONVERSION = YES;
				CLANG_WARN_OBJC_ROOT_CLASS = YES_ERROR;
				CLANG_WARN_UNREACHABLE_CODE = YES;
				CLANG_WARN__DUPLICATE_METHOD_MATCH = YES;
				"CODE_SIGN_IDENTITY[sdk=iphoneos*]" = "iPhone Developer";
				COPY_PHASE_STRIP = NO;
				DEBUG_INFORMATION_FORMAT = dwarf;
				ENABLE_STRICT_OBJC_MSGSEND = YES;
				ENABLE_TESTABILITY = YES;
				GCC_C_LANGUAGE_STANDARD = gnu99;
				GCC_DYNAMIC_NO_PIC = NO;
				GCC_NO_COMMON_BLOCKS = YES;
				GCC_OPTIMIZATION_LEVEL = 0;
				GCC_PREPROCESSOR_DEFINITIONS = (
					"DEBUG=1",
					"$(inherited)",
				);
				GCC_WARN_64_TO_32_BIT_CONVERSION = YES;
				GCC_WARN_ABOUT_RETURN_TYPE = YES_ERROR;
				GCC_WARN_UNDECLARED_SELECTOR = YES;
				GCC_WARN_UNINITIALIZED_AUTOS = YES_AGGRESSIVE;
				GCC_WARN_UNUSED_FUNCTION = YES;
				GCC_WARN_UNUSED_VARIABLE = YES;
				IPHONEOS_DEPLOYMENT_TARGET = 9.3;
				MTL_ENABLE_DEBUG_INFO = YES;
				ONLY_ACTIVE_ARCH = YES;
				SDKROOT = iphoneos;
				SWIFT_OPTIMIZATION_LEVEL = "-Onone";
				TARGETED_DEVICE_FAMILY = "1,2";
			};
			name = Debug;
		};
		EF6B73151D5E440A005B4882 /* Release */ = {
			isa = XCBuildConfiguration;
			buildSettings = {
				ALWAYS_SEARCH_USER_PATHS = NO;
				CLANG_ANALYZER_NONNULL = YES;
				CLANG_CXX_LANGUAGE_STANDARD = "gnu++0x";
				CLANG_CXX_LIBRARY = "libc++";
				CLANG_ENABLE_MODULES = YES;
				CLANG_ENABLE_OBJC_ARC = YES;
				CLANG_WARN_BOOL_CONVERSION = YES;
				CLANG_WARN_CONSTANT_CONVERSION = YES;
				CLANG_WARN_DIRECT_OBJC_ISA_USAGE = YES_ERROR;
				CLANG_WARN_EMPTY_BODY = YES;
				CLANG_WARN_ENUM_CONVERSION = YES;
				CLANG_WARN_INT_CONVERSION = YES;
				CLANG_WARN_OBJC_ROOT_CLASS = YES_ERROR;
				CLANG_WARN_UNREACHABLE_CODE = YES;
				CLANG_WARN__DUPLICATE_METHOD_MATCH = YES;
				"CODE_SIGN_IDENTITY[sdk=iphoneos*]" = "iPhone Developer";
				COPY_PHASE_STRIP = NO;
				DEBUG_INFORMATION_FORMAT = "dwarf-with-dsym";
				ENABLE_NS_ASSERTIONS = NO;
				ENABLE_STRICT_OBJC_MSGSEND = YES;
				GCC_C_LANGUAGE_STANDARD = gnu99;
				GCC_NO_COMMON_BLOCKS = YES;
				GCC_WARN_64_TO_32_BIT_CONVERSION = YES;
				GCC_WARN_ABOUT_RETURN_TYPE = YES_ERROR;
				GCC_WARN_UNDECLARED_SELECTOR = YES;
				GCC_WARN_UNINITIALIZED_AUTOS = YES_AGGRESSIVE;
				GCC_WARN_UNUSED_FUNCTION = YES;
				GCC_WARN_UNUSED_VARIABLE = YES;
				IPHONEOS_DEPLOYMENT_TARGET = 9.3;
				MTL_ENABLE_DEBUG_INFO = NO;
				SDKROOT = iphoneos;
				TARGETED_DEVICE_FAMILY = "1,2";
				VALIDATE_PRODUCT = YES;
			};
			name = Release;
		};
		EF6B73171D5E440A005B4882 /* Debug */ = {
			isa = XCBuildConfiguration;
			buildSettings = {
				ASSETCATALOG_COMPILER_APPICON_NAME = AppIcon;
				INFOPLIST_FILE = Section4_Lecture51_OOP/Info.plist;
				LD_RUNPATH_SEARCH_PATHS = "$(inherited) @executable_path/Frameworks";
				PRODUCT_BUNDLE_IDENTIFIER = "com.tonicdesign.Section4-Lecture51-OOP";
				PRODUCT_NAME = "$(TARGET_NAME)";
			};
			name = Debug;
		};
		EF6B73181D5E440A005B4882 /* Release */ = {
			isa = XCBuildConfiguration;
			buildSettings = {
				ASSETCATALOG_COMPILER_APPICON_NAME = AppIcon;
				INFOPLIST_FILE = Section4_Lecture51_OOP/Info.plist;
				LD_RUNPATH_SEARCH_PATHS = "$(inherited) @executable_path/Frameworks";
				PRODUCT_BUNDLE_IDENTIFIER = "com.tonicdesign.Section4-Lecture51-OOP";
				PRODUCT_NAME = "$(TARGET_NAME)";
			};
			name = Release;
		};
/* End XCBuildConfiguration section */

/* Begin XCConfigurationList section */
		EF6B72FF1D5E4409005B4882 /* Build configuration list for PBXProject "Section4_Lecture51_OOP" */ = {
			isa = XCConfigurationList;
			buildConfigurations = (
				EF6B73141D5E440A005B4882 /* Debug */,
				EF6B73151D5E440A005B4882 /* Release */,
			);
			defaultConfigurationIsVisible = 0;
			defaultConfigurationName = Release;
		};
		EF6B73161D5E440A005B4882 /* Build configuration list for PBXNativeTarget "Section4_Lecture51_OOP" */ = {
			isa = XCConfigurationList;
			buildConfigurations = (
				EF6B73171D5E440A005B4882 /* Debug */,
				EF6B73181D5E440A005B4882 /* Release */,
			);
			defaultConfigurationIsVisible = 0;
		};
/* End XCConfigurationList section */
	};
	rootObject = EF6B72FC1D5E4409005B4882 /* Project object */;
}
